
Microsoft Visual Studio Solution File, Format Version 12.00
# Visual Studio Version 16
VisualStudioVersion = 16.0.31424.327
MinimumVisualStudioVersion = 10.0.40219.1
Project("{888888A0-9F3D-457C-B088-3A5042F75D52}") = "dbSTT", "dbSTT.pyproj", "{A66EA26C-D2C1-4D13-ACC5-F257A6F7F266}"
EndProject
Global
	GlobalSection(SolutionConfigurationPlatforms) = preSolution
		Debug|Any CPU = Debug|Any CPU
		Release|Any CPU = Release|Any CPU
	EndGlobalSection
	GlobalSection(ProjectConfigurationPlatforms) = postSolution
		{A66EA26C-D2C1-4D13-ACC5-F257A6F7F266}.Debug|Any CPU.ActiveCfg = Debug|Any CPU
		{A66EA26C-D2C1-4D13-ACC5-F257A6F7F266}.Release|Any CPU.ActiveCfg = Release|Any CPU
	EndGlobalSection
	GlobalSection(SolutionProperties) = preSolution
		HideSolutionNode = FALSE
	EndGlobalSection
	GlobalSection(ExtensibilityGlobals) = postSolution
		SolutionGuid = {0A56CCA9-6606-45A5-8F63-D643952986D4}
	EndGlobalSection
EndGlobal
